Microsoft Visual Studio Solution File, Format Version 12.00
# Visual Studio 16
Project("{8BC9CEB8-8B4A-11D0-8D11-00A0C91BC942}") = "ALL_BUILD", "ALL_BUILD.vcxproj", "{2B4990F3-8F61-3CC2-A3A5-91BE950982EC}"
	ProjectSection(ProjectDependencies) = postProject
		{EE6456BF-385A-3812-8F42-C99CCFBD68D8} = {EE6456BF-385A-3812-8F42-C99CCFBD68D8}
		{93EA4908-7CF8-371A-BFDF-0E66A469D88B} = {93EA4908-7CF8-371A-BFDF-0E66A469D88B}
		{64CDD7F9-CDEC-3EF7-8DFF-51EA22EF4E87} = {64CDD7F9-CDEC-3EF7-8DFF-51EA22EF4E87}
		{45CD5977-DE25-3C0A-96E4-E562DA4B565C} = {45CD5977-DE25-3C0A-96E4-E562DA4B565C}
		{457504C1-1CEE-3D2A-BC83-CB5FD1CD636C} = {457504C1-1CEE-3D2A-BC83-CB5FD1CD636C}
	EndProjectSection
EndProject
Project("{8BC9CEB8-8B4A-11D0-8D11-00A0C91BC942}") = "ZERO_CHECK", "ZERO_CHECK.vcxproj", "{EE6456BF-385A-3812-8F42-C99CCFBD68D8}"
	ProjectSection(ProjectDependencies) = postProject
	EndProjectSection
EndProject
Project("{8BC9CEB8-8B4A-11D0-8D11-00A0C91BC942}") = "common", "common\common.vcxproj", "{93EA4908-7CF8-371A-BFDF-0E66A469D88B}"
	ProjectSection(ProjectDependencies) = postProject
		{EE6456BF-385A-3812-8F42-C99CCFBD68D8} = {EE6456BF-385A-3812-8F42-C99CCFBD68D8}
	EndProjectSection
EndProject
Project("{8BC9CEB8-8B4A-11D0-8D11-00A0C91BC942}") = "loader", "loader\loader.vcxproj", "{64CDD7F9-CDEC-3EF7-8DFF-51EA22EF4E87}"
	ProjectSection(ProjectDependencies) = postProject
		{EE6456BF-385A-3812-8F42-C99CCFBD68D8} = {EE6456BF-385A-3812-8F42-C99CCFBD68D8}
	EndProjectSection
EndProject
Project("{8BC9CEB8-8B4A-11D0-8D11-00A0C91BC942}") = "model", "model\model.vcxproj", "{45CD5977-DE25-3C0A-96E4-E562DA4B565C}"
	ProjectSection(ProjectDependencies) = postProject
		{EE6456BF-385A-3812-8F42-C99CCFBD68D8} = {EE6456BF-385A-3812-8F42-C99CCFBD68D8}
	EndProjectSection
EndProject
Project("{8BC9CEB8-8B4A-11D0-8D11-00A0C91BC942}") = "photon", "photon.vcxproj", "{457504C1-1CEE-3D2A-BC83-CB5FD1CD636C}"
	ProjectSection(ProjectDependencies) = postProject
		{EE6456BF-385A-3812-8F42-C99CCFBD68D8} = {EE6456BF-385A-3812-8F42-C99CCFBD68D8}
		{93EA4908-7CF8-371A-BFDF-0E66A469D88B} = {93EA4908-7CF8-371A-BFDF-0E66A469D88B}
		{64CDD7F9-CDEC-3EF7-8DFF-51EA22EF4E87} = {64CDD7F9-CDEC-3EF7-8DFF-51EA22EF4E87}
		{45CD5977-DE25-3C0A-96E4-E562DA4B565C} = {45CD5977-DE25-3C0A-96E4-E562DA4B565C}
	EndProjectSection
EndProject
Global
	GlobalSection(SolutionConfigurationPlatforms) = preSolution
		Debug|x64 = Debug|x64
		Release|x64 = Release|x64
		MinSizeRel|x64 = MinSizeRel|x64
		RelWithDebInfo|x64 = RelWithDebInfo|x64
	EndGlobalSection
	GlobalSection(ProjectConfigurationPlatforms) = postSolution
		{2B4990F3-8F61-3CC2-A3A5-91BE950982EC}.Debug|x64.ActiveCfg = Debug|x64
		{2B4990F3-8F61-3CC2-A3A5-91BE950982EC}.Release|x64.ActiveCfg = Release|x64
		{2B4990F3-8F61-3CC2-A3A5-91BE950982EC}.MinSizeRel|x64.ActiveCfg = MinSizeRel|x64
		{2B4990F3-8F61-3CC2-A3A5-91BE950982EC}.RelWithDebInfo|x64.ActiveCfg = RelWithDebInfo|x64
		{EE6456BF-385A-3812-8F42-C99CCFBD68D8}.Debug|x64.ActiveCfg = Debug|x64
		{EE6456BF-385A-3812-8F42-C99CCFBD68D8}.Debug|x64.Build.0 = Debug|x64
		{EE6456BF-385A-3812-8F42-C99CCFBD68D8}.Release|x64.ActiveCfg = Release|x64
		{EE6456BF-385A-3812-8F42-C99CCFBD68D8}.Release|x64.Build.0 = Release|x64
		{EE6456BF-385A-3812-8F42-C99CCFBD68D8}.MinSizeRel|x64.ActiveCfg = MinSizeRel|x64
		{EE6456BF-385A-3812-8F42-C99CCFBD68D8}.MinSizeRel|x64.Build.0 = MinSizeRel|x64
		{EE6456BF-385A-3812-8F42-C99CCFBD68D8}.RelWithDebInfo|x64.ActiveCfg = RelWithDebInfo|x64
		{EE6456BF-385A-3812-8F42-C99CCFBD68D8}.RelWithDebInfo|x64.Build.0 = RelWithDebInfo|x64
		{93EA4908-7CF8-371A-BFDF-0E66A469D88B}.Debug|x64.ActiveCfg = Debug|x64
		{93EA4908-7CF8-371A-BFDF-0E66A469D88B}.Debug|x64.Build.0 = Debug|x64
		{93EA4908-7CF8-371A-BFDF-0E66A469D88B}.Release|x64.ActiveCfg = Release|x64
		{93EA4908-7CF8-371A-BFDF-0E66A469D88B}.Release|x64.Build.0 = Release|x64
		{93EA4908-7CF8-371A-BFDF-0E66A469D88B}.MinSizeRel|x64.ActiveCfg = MinSizeRel|x64
		{93EA4908-7CF8-371A-BFDF-0E66A469D88B}.MinSizeRel|x64.Build.0 = MinSizeRel|x64
		{93EA4908-7CF8-371A-BFDF-0E66A469D88B}.RelWithDebInfo|x64.ActiveCfg = RelWithDebInfo|x64
		{93EA4908-7CF8-371A-BFDF-0E66A469D88B}.RelWithDebInfo|x64.Build.0 = RelWithDebInfo|x64
		{64CDD7F9-CDEC-3EF7-8DFF-51EA22EF4E87}.Debug|x64.ActiveCfg = Debug|x64
		{64CDD7F9-CDEC-3EF7-8DFF-51EA22EF4E87}.Debug|x64.Build.0 = Debug|x64
		{64CDD7F9-CDEC-3EF7-8DFF-51EA22EF4E87}.Release|x64.ActiveCfg = Release|x64
		{64CDD7F9-CDEC-3EF7-8DFF-51EA22EF4E87}.Release|x64.Build.0 = Release|x64
		{64CDD7F9-CDEC-3EF7-8DFF-51EA22EF4E87}.MinSizeRel|x64.ActiveCfg = MinSizeRel|x64
		{64CDD7F9-CDEC-3EF7-8DFF-51EA22EF4E87}.MinSizeRel|x64.Build.0 = MinSizeRel|x64
		{64CDD7F9-CDEC-3EF7-8DFF-51EA22EF4E87}.RelWithDebInfo|x64.ActiveCfg = RelWithDebInfo|x64
		{64CDD7F9-CDEC-3EF7-8DFF-51EA22EF4E87}.RelWithDebInfo|x64.Build.0 = RelWithDebInfo|x64
		{45CD5977-DE25-3C0A-96E4-E562DA4B565C}.Debug|x64.ActiveCfg = Debug|x64
		{45CD5977-DE25-3C0A-96E4-E562DA4B565C}.Debug|x64.Build.0 = Debug|x64
		{45CD5977-DE25-3C0A-96E4-E562DA4B565C}.Release|x64.ActiveCfg = Release|x64
		{45CD5977-DE25-3C0A-96E4-E562DA4B565C}.Release|x64.Build.0 = Release|x64
		{45CD5977-DE25-3C0A-96E4-E562DA4B565C}.MinSizeRel|x64.ActiveCfg = MinSizeRel|x64
		{45CD5977-DE25-3C0A-96E4-E562DA4B565C}.MinSizeRel|x64.Build.0 = MinSizeRel|x64
		{45CD5977-DE25-3C0A-96E4-E562DA4B565C}.RelWithDebInfo|x64.ActiveCfg = RelWithDebInfo|x64
		{45CD5977-DE25-3C0A-96E4-E562DA4B565C}.RelWithDebInfo|x64.Build.0 = RelWithDebInfo|x64
		{457504C1-1CEE-3D2A-BC83-CB5FD1CD636C}.Debug|x64.ActiveCfg = Debug|x64
		{457504C1-1CEE-3D2A-BC83-CB5FD1CD636C}.Debug|x64.Build.0 = Debug|x64
		{457504C1-1CEE-3D2A-BC83-CB5FD1CD636C}.Release|x64.ActiveCfg = Release|x64
		{457504C1-1CEE-3D2A-BC83-CB5FD1CD636C}.Release|x64.Build.0 = Release|x64
		{457504C1-1CEE-3D2A-BC83-CB5FD1CD636C}.MinSizeRel|x64.ActiveCfg = MinSizeRel|x64
		{457504C1-1CEE-3D2A-BC83-CB5FD1CD636C}.MinSizeRel|x64.Build.0 = MinSizeRel|x64
		{457504C1-1CEE-3D2A-BC83-CB5FD1CD636C}.RelWithDebInfo|x64.ActiveCfg = RelWithDebInfo|x64
		{457504C1-1CEE-3D2A-BC83-CB5FD1CD636C}.RelWithDebInfo|x64.Build.0 = RelWithDebInfo|x64
	EndGlobalSection
	GlobalSection(ExtensibilityGlobals) = postSolution
		SolutionGuid = {880E1C81-E2DD-3EC0-9CDB-C7F96B4A790B}
	EndGlobalSection
	GlobalSection(ExtensibilityAddIns) = postSolution
	EndGlobalSection
EndGlobal
